
Microsoft Visual Studio Solution File, Format Version 12.00
# Visual Studio Version 17
VisualStudioVersion = 17.7.34031.279
MinimumVisualStudioVersion = 10.0.40219.1
Project("{FAE04EC0-301F-11D3-BF4B-00C04F79EFBC}") = "Proy_EstructuraDatos", "Proy_EstructuraDatos\Proy_EstructuraDatos.csproj", "{00A140AC-B875-4254-8068-5268366B0570}"
EndProject
Global
	GlobalSection(SolutionConfigurationPlatforms) = preSolution
		Debug|Any CPU = Debug|Any CPU
		Release|Any CPU = Release|Any CPU
	EndGlobalSection
	GlobalSection(ProjectConfigurationPlatforms) = postSolution
		{00A140AC-B875-4254-8068-5268366B0570}.Debug|Any CPU.ActiveCfg = Debug|Any CPU
		{00A140AC-B875-4254-8068-5268366B0570}.Debug|Any CPU.Build.0 = Debug|Any CPU
		{00A140AC-B875-4254-8068-5268366B0570}.Release|Any CPU.ActiveCfg = Release|Any CPU
		{00A140AC-B875-4254-8068-5268366B0570}.Release|Any CPU.Build.0 = Release|Any CPU
	EndGlobalSection
	GlobalSection(SolutionProperties) = preSolution
		HideSolutionNode = FALSE
	EndGlobalSection
	GlobalSection(ExtensibilityGlobals) = postSolution
		SolutionGuid = {74A243D4-6458-4E6C-A2F2-AA3A887CABBD}
	EndGlobalSection
EndGlobal
